
Microsoft Visual Studio Solution File, Format Version 12.00
# Visual Studio 15
Project("{FAE04EC0-301F-11D3-BF4B-00C04F79EFBC}") = "Assembly-CSharp", "Assembly-CSharp.csproj", "{5C9213D0-BEBA-0E11-32C5-6C1F45D5781D}"
EndProject
Global
	GlobalSection(SolutionConfigurationPlatforms) = preSolution
		Debug|Any CPU = Debug|Any CPU
		Release|Any CPU = Release|Any CPU
	EndGlobalSection
	GlobalSection(ProjectConfigurationPlatforms) = postSolution
		{5C9213D0-BEBA-0E11-32C5-6C1F45D5781D}.Debug|Any CPU.ActiveCfg = Debug|Any CPU
		{5C9213D0-BEBA-0E11-32C5-6C1F45D5781D}.Debug|Any CPU.Build.0 = Debug|Any CPU
		{5C9213D0-BEBA-0E11-32C5-6C1F45D5781D}.Release|Any CPU.ActiveCfg = Release|Any CPU
		{5C9213D0-BEBA-0E11-32C5-6C1F45D5781D}.Release|Any CPU.Build.0 = Release|Any CPU
	EndGlobalSection
	GlobalSection(SolutionProperties) = preSolution
		HideSolutionNode = FALSE
	EndGlobalSection
EndGlobal
